
Microsoft Visual Studio Solution File, Format Version 12.00
# Visual Studio Version 17
VisualStudioVersion = 17.2.32630.192
MinimumVisualStudioVersion = 10.0.40219.1
Project("{FAE04EC0-301F-11D3-BF4B-00C04F79EFBC}") = "Napolilopez", "Napolilopez\Napolilopez.csproj", "{C60B25DB-1284-489B-8BA5-61AA56C3619F}"
EndProject
Global
	GlobalSection(SolutionConfigurationPlatforms) = preSolution
		Debug|Any CPU = Debug|Any CPU
		Release|Any CPU = Release|Any CPU
	EndGlobalSection
	GlobalSection(ProjectConfigurationPlatforms) = postSolution
		{C60B25DB-1284-489B-8BA5-61AA56C3619F}.Debug|Any CPU.ActiveCfg = Debug|Any CPU
		{C60B25DB-1284-489B-8BA5-61AA56C3619F}.Debug|Any CPU.Build.0 = Debug|Any CPU
		{C60B25DB-1284-489B-8BA5-61AA56C3619F}.Release|Any CPU.ActiveCfg = Release|Any CPU
		{C60B25DB-1284-489B-8BA5-61AA56C3619F}.Release|Any CPU.Build.0 = Release|Any CPU
	EndGlobalSection
	GlobalSection(SolutionProperties) = preSolution
		HideSolutionNode = FALSE
	EndGlobalSection
	GlobalSection(ExtensibilityGlobals) = postSolution
		SolutionGuid = {18EC96BF-DA3F-4AAC-9EB4-0E8F36FC2867}
	EndGlobalSection
EndGlobal
